<?xml version="1.0" encoding="utf-8"?>
<Project ToolsVersion="4.0" xmlns="http://schemas.microsoft.com/developer/msbuild/2003">
  <ItemGroup>
    <Filter Include="Source Files">
      <UniqueIdentifier>{4FC737F1-C7A5-4376-A066-2A32D752A2FF}</UniqueIdentifier>
      <Extensions>cpp;c;cc;cxx;c++;cppm;ixx;def;odl;idl;hpj;bat;asm;asmx</Extensions>
    </Filter>
    <Filter Include="Header Files">
      <UniqueIdentifier>{93995380-89BD-4b04-88EB-625FBE52EBFB}</UniqueIdentifier>
      <Extensions>h;hh;hpp;hxx;h++;hm;inl;inc;ipp;xsd</Extensions>
    </Filter>
    <Filter Include="Resource Files">
      <UniqueIdentifier>{67DA6AB6-F800-4c08-8B7A-83BB121AAD01}</UniqueIdentifier>
      <Extensions>rc;ico;cur;bmp;dlg;rc2;rct;bin;rgs;gif;jpg;jpeg;jpe;resx;tiff;tif;png;wav;mfcribbon-ms</Extensions>
    </Filter>
    <Filter Include="Header Files\00_common">
      <UniqueIdentifier>{b89b3212-0c83-4378-886e-01b2ff3982a4}</UniqueIdentifier>
    </Filter>
    <Filter Include="configuration">
      <UniqueIdentifier>{fe41f26d-f85f-4080-9e21-47e52ea33f89}</UniqueIdentifier>
    </Filter>
    <Filter Include="Source Files\00_common">
      <UniqueIdentifier>{c72d720d-e4ae-4b3f-83bd-6b63a7a11a02}</UniqueIdentifier>
    </Filter>
    <Filter Include="Header Files\01_etw">
      <UniqueIdentifier>{dc20859e-af53-4ddf-92b8-7705e59bda92}</UniqueIdentifier>
    </Filter>
    <Filter Include="Source Files\01_etw">
      <UniqueIdentifier>{4c412168-1a5e-4e53-9318-6ba4851f4e0e}</UniqueIdentifier>
    </Filter>
    <Filter Include="Header Files\01_etw\00_common">
      <UniqueIdentifier>{4aabdfd7-77c5-4c3c-9a81-59af07b39bec}</UniqueIdentifier>
    </Filter>
    <Filter Include="Header Files\03_session_state">
      <UniqueIdentifier>{c33871b5-90b7-4db3-83a3-83f66faf5328}</UniqueIdentifier>
    </Filter>
    <Filter Include="Header Files\02_runspace">
      <UniqueIdentifier>{ca3b4b7e-aa66-496f-8c4d-1e62e433fa01}</UniqueIdentifier>
    </Filter>
    <Filter Include="Source Files\03_session_state">
      <UniqueIdentifier>{5d65d4d3-0938-4b59-9921-330c32eb0e28}</UniqueIdentifier>
    </Filter>
    <Filter Include="Source Files\02_runspace">
      <UniqueIdentifier>{62362182-48f9-4a90-bb12-076d70d83bd0}</UniqueIdentifier>
    </Filter>
    <Filter Include="Header Files\03_session_state\00_common">
      <UniqueIdentifier>{4714e057-f402-4221-a4f6-5bb5ed1e1fd4}</UniqueIdentifier>
    </Filter>
  </ItemGroup>
  <ItemGroup>
    <ClInclude Include="03_session_state\session_state_property.hpp">
      <Filter>Header Files\03_session_state</Filter>
    </ClInclude>
    <ClInclude Include="03_session_state\session_state.hpp">
      <Filter>Header Files\03_session_state</Filter>
    </ClInclude>
    <ClInclude Include="02_runspace\runspace.hpp">
      <Filter>Header Files\02_runspace</Filter>
    </ClInclude>
    <ClInclude Include="03_session_state\00_common\session_state_common.h">
      <Filter>Header Files\03_session_state\00_common</Filter>
    </ClInclude>
    <ClInclude Include="01_etw\controller.hpp">
      <Filter>Header Files\01_etw</Filter>
    </ClInclude>
    <ClInclude Include="01_etw\receiver.hpp">
      <Filter>Header Files\01_etw</Filter>
    </ClInclude>
    <ClInclude Include="01_etw\dispatcher.hpp">
      <Filter>Header Files\01_etw</Filter>
    </ClInclude>
  </ItemGroup>
  <ItemGroup>
    <ClCompile Include="03_session_state\session_state_property.cpp">
      <Filter>Source Files\03_session_state</Filter>
    </ClCompile>
    <ClCompile Include="03_session_state\session_state.cpp">
      <Filter>Source Files\03_session_state</Filter>
    </ClCompile>
    <ClCompile Include="02_runspace\runspace.cpp">
      <Filter>Source Files\02_runspace</Filter>
    </ClCompile>
    <ClCompile Include="01_etw\controller.cpp">
      <Filter>Source Files\01_etw</Filter>
    </ClCompile>
    <ClCompile Include="01_etw\receiver.cpp">
      <Filter>Source Files\01_etw</Filter>
    </ClCompile>
    <ClCompile Include="01_etw\dispatcher.cpp">
      <Filter>Source Files\01_etw</Filter>
    </ClCompile>
  </ItemGroup>
</Project>